
Microsoft Visual Studio Solution File, Format Version 12.00
# Visual Studio Version 17
VisualStudioVersion = 17.5.33414.496
MinimumVisualStudioVersion = 10.0.40219.1
Project("{9A19103F-16F7-4668-BE54-9A1E7A4F7556}") = "SeleniumWebDriverWikipediaTests", "..\SeleniumWebDriverExercisesTests\SeleniumWebDriverWikipediaTests.csproj", "{1998284F-DBAE-4931-9B41-256334915E12}"
EndProject
Project("{9A19103F-16F7-4668-BE54-9A1E7A4F7556}") = "SeleniumWebdriverCalculatorTests", "..\SeleniumWebdriverCalculatorTests\SeleniumWebdriverCalculatorTests.csproj", "{16CCC351-FA11-41AA-868B-60507A8063C5}"
EndProject
Project("{9A19103F-16F7-4668-BE54-9A1E7A4F7556}") = "SeleniumWebdriverURLShortenerTest", "..\SeleniumWebdriverURLShortenerTest\SeleniumWebdriverURLShortenerTest.csproj", "{A7F63D58-3E18-4D5D-A468-5962F1F39DC7}"
EndProject
Project("{9A19103F-16F7-4668-BE54-9A1E7A4F7556}") = "SeleniumWebdriverCalculatorDataDrivenTests", "..\SeleniumWebdriverCalculatorDataDrivenTests\SeleniumWebdriverCalculatorDataDrivenTests.csproj", "{8B849860-EE23-4177-872B-A65A5AEB5458}"
EndProject
Global
	GlobalSection(SolutionConfigurationPlatforms) = preSolution
		Debug|Any CPU = Debug|Any CPU
		Release|Any CPU = Release|Any CPU
	EndGlobalSection
	GlobalSection(ProjectConfigurationPlatforms) = postSolution
		{1998284F-DBAE-4931-9B41-256334915E12}.Debug|Any CPU.ActiveCfg = Debug|Any CPU
		{1998284F-DBAE-4931-9B41-256334915E12}.Debug|Any CPU.Build.0 = Debug|Any CPU
		{1998284F-DBAE-4931-9B41-256334915E12}.Release|Any CPU.ActiveCfg = Release|Any CPU
		{1998284F-DBAE-4931-9B41-256334915E12}.Release|Any CPU.Build.0 = Release|Any CPU
		{16CCC351-FA11-41AA-868B-60507A8063C5}.Debug|Any CPU.ActiveCfg = Debug|Any CPU
		{16CCC351-FA11-41AA-868B-60507A8063C5}.Debug|Any CPU.Build.0 = Debug|Any CPU
		{16CCC351-FA11-41AA-868B-60507A8063C5}.Release|Any CPU.ActiveCfg = Release|Any CPU
		{16CCC351-FA11-41AA-868B-60507A8063C5}.Release|Any CPU.Build.0 = Release|Any CPU
		{A7F63D58-3E18-4D5D-A468-5962F1F39DC7}.Debug|Any CPU.ActiveCfg = Debug|Any CPU
		{A7F63D58-3E18-4D5D-A468-5962F1F39DC7}.Debug|Any CPU.Build.0 = Debug|Any CPU
		{A7F63D58-3E18-4D5D-A468-5962F1F39DC7}.Release|Any CPU.ActiveCfg = Release|Any CPU
		{A7F63D58-3E18-4D5D-A468-5962F1F39DC7}.Release|Any CPU.Build.0 = Release|Any CPU
		{8B849860-EE23-4177-872B-A65A5AEB5458}.Debug|Any CPU.ActiveCfg = Debug|Any CPU
		{8B849860-EE23-4177-872B-A65A5AEB5458}.Debug|Any CPU.Build.0 = Debug|Any CPU
		{8B849860-EE23-4177-872B-A65A5AEB5458}.Release|Any CPU.ActiveCfg = Release|Any CPU
		{8B849860-EE23-4177-872B-A65A5AEB5458}.Release|Any CPU.Build.0 = Release|Any CPU
	EndGlobalSection
	GlobalSection(SolutionProperties) = preSolution
		HideSolutionNode = FALSE
	EndGlobalSection
	GlobalSection(ExtensibilityGlobals) = postSolution
		SolutionGuid = {53DEF6FD-4E66-4AE6-B159-1A5DF7D948F9}
	EndGlobalSection
EndGlobal
